// !$*UTF8*$!
{
	archiveVersion = 1;
	classes = {
	};
	objectVersion = 56;
	objects = {

/* Begin PBXBuildFile section */
		368ED78029097FBC002CA8D0 /* AppDelegate.swift in Sources */ = {isa = PBXBuildFile; fileRef = 368ED77F29097FBC002CA8D0 /* AppDelegate.swift */; };
		368ED78229097FBC002CA8D0 /* SceneDelegate.swift in Sources */ = {isa = PBXBuildFile; fileRef = 368ED78129097FBC002CA8D0 /* SceneDelegate.swift */; };
		368ED78429097FBC002CA8D0 /* OverviewVC.swift in Sources */ = {isa = PBXBuildFile; fileRef = 368ED78329097FBC002CA8D0 /* OverviewVC.swift */; };
		368ED78929097FBD002CA8D0 /* Assets.xcassets in Resources */ = {isa = PBXBuildFile; fileRef = 368ED78829097FBD002CA8D0 /* Assets.xcassets */; };
		368ED78C29097FBD002CA8D0 /* LaunchScreen.storyboard in Resources */ = {isa = PBXBuildFile; fileRef = 368ED78A29097FBD002CA8D0 /* LaunchScreen.storyboard */; };
		368ED798290981D8002CA8D0 /* TabBar.swift in Sources */ = {isa = PBXBuildFile; fileRef = 368ED797290981D8002CA8D0 /* TabBar.swift */; };
		368ED79B290982F8002CA8D0 /* UIColor + Ext.swift in Sources */ = {isa = PBXBuildFile; fileRef = 368ED79A290982F8002CA8D0 /* UIColor + Ext.swift */; };
		368ED79E29098377002CA8D0 /* Resources.swift in Sources */ = {isa = PBXBuildFile; fileRef = 368ED79D29098377002CA8D0 /* Resources.swift */; };
		368ED7A0290A41E5002CA8D0 /* NavBar.swift in Sources */ = {isa = PBXBuildFile; fileRef = 368ED79F290A41E5002CA8D0 /* NavBar.swift */; };
		368ED7A3290A441D002CA8D0 /* BaseVC.swift in Sources */ = {isa = PBXBuildFile; fileRef = 368ED7A2290A441D002CA8D0 /* BaseVC.swift */; };
		368ED7A5290A45C5002CA8D0 /* UIView + Ext.swift in Sources */ = {isa = PBXBuildFile; fileRef = 368ED7A4290A45C5002CA8D0 /* UIView + Ext.swift */; };
		368ED7AC290A6AE4002CA8D0 /* SessionVC.swift in Sources */ = {isa = PBXBuildFile; fileRef = 368ED7AB290A6AE4002CA8D0 /* SessionVC.swift */; };
		368ED7AE290A6B08002CA8D0 /* ProgressVC.swift in Sources */ = {isa = PBXBuildFile; fileRef = 368ED7AD290A6B08002CA8D0 /* ProgressVC.swift */; };
		368ED7B0290A6B19002CA8D0 /* SettingsVC.swift in Sources */ = {isa = PBXBuildFile; fileRef = 368ED7AF290A6B19002CA8D0 /* SettingsVC.swift */; };
		368ED7B3290A7381002CA8D0 /* SecondaryButton.swift in Sources */ = {isa = PBXBuildFile; fileRef = 368ED7B2290A7381002CA8D0 /* SecondaryButton.swift */; };
		368ED7B5290BD464002CA8D0 /* OverviewNavBar.swift in Sources */ = {isa = PBXBuildFile; fileRef = 368ED7B4290BD464002CA8D0 /* OverviewNavBar.swift */; };
		368ED7B7290BD515002CA8D0 /* BaseView.swift in Sources */ = {isa = PBXBuildFile; fileRef = 368ED7B6290BD515002CA8D0 /* BaseView.swift */; };
/* End PBXBuildFile section */

/* Begin PBXFileReference section */
		368ED77C29097FBC002CA8D0 /* WorkoutApp.app */ = {isa = PBXFileReference; explicitFileType = wrapper.application; includeInIndex = 0; path = WorkoutApp.app; sourceTree = BUILT_PRODUCTS_DIR; };
		368ED77F29097FBC002CA8D0 /* AppDelegate.swift */ = {isa = PBXFileReference; lastKnownFileType = sourcecode.swift; path = AppDelegate.swift; sourceTree = "<group>"; };
		368ED78129097FBC002CA8D0 /* SceneDelegate.swift */ = {isa = PBXFileReference; lastKnownFileType = sourcecode.swift; path = SceneDelegate.swift; sourceTree = "<group>"; };
		368ED78329097FBC002CA8D0 /* OverviewVC.swift */ = {isa = PBXFileReference; lastKnownFileType = sourcecode.swift; path = OverviewVC.swift; sourceTree = "<group>"; };
		368ED78829097FBD002CA8D0 /* Assets.xcassets */ = {isa = PBXFileReference; lastKnownFileType = folder.assetcatalog; path = Assets.xcassets; sourceTree = "<group>"; };
		368ED78B29097FBD002CA8D0 /* Base */ = {isa = PBXFileReference; lastKnownFileType = file.storyboard; name = Base; path = Base.lproj/LaunchScreen.storyboard; sourceTree = "<group>"; };
		368ED78D29097FBD002CA8D0 /* Info.plist */ = {isa = PBXFileReference; lastKnownFileType = text.plist.xml; path = Info.plist; sourceTree = "<group>"; };
		368ED797290981D8002CA8D0 /* TabBar.swift */ = {isa = PBXFileReference; lastKnownFileType = sourcecode.swift; path = TabBar.swift; sourceTree = "<group>"; };
		368ED79A290982F8002CA8D0 /* UIColor + Ext.swift */ = {isa = PBXFileReference; lastKnownFileType = sourcecode.swift; path = "UIColor + Ext.swift"; sourceTree = "<group>"; };
		368ED79D29098377002CA8D0 /* Resources.swift */ = {isa = PBXFileReference; lastKnownFileType = sourcecode.swift; path = Resources.swift; sourceTree = "<group>"; };
		368ED79F290A41E5002CA8D0 /* NavBar.swift */ = {isa = PBXFileReference; lastKnownFileType = sourcecode.swift; path = NavBar.swift; sourceTree = "<group>"; };
		368ED7A2290A441D002CA8D0 /* BaseVC.swift */ = {isa = PBXFileReference; lastKnownFileType = sourcecode.swift; path = BaseVC.swift; sourceTree = "<group>"; };
		368ED7A4290A45C5002CA8D0 /* UIView + Ext.swift */ = {isa = PBXFileReference; lastKnownFileType = sourcecode.swift; path = "UIView + Ext.swift"; sourceTree = "<group>"; };
		368ED7AB290A6AE4002CA8D0 /* SessionVC.swift */ = {isa = PBXFileReference; lastKnownFileType = sourcecode.swift; path = SessionVC.swift; sourceTree = "<group>"; };
		368ED7AD290A6B08002CA8D0 /* ProgressVC.swift */ = {isa = PBXFileReference; lastKnownFileType = sourcecode.swift; path = ProgressVC.swift; sourceTree = "<group>"; };
		368ED7AF290A6B19002CA8D0 /* SettingsVC.swift */ = {isa = PBXFileReference; lastKnownFileType = sourcecode.swift; path = SettingsVC.swift; sourceTree = "<group>"; };
		368ED7B2290A7381002CA8D0 /* SecondaryButton.swift */ = {isa = PBXFileReference; lastKnownFileType = sourcecode.swift; path = SecondaryButton.swift; sourceTree = "<group>"; };
		368ED7B4290BD464002CA8D0 /* OverviewNavBar.swift */ = {isa = PBXFileReference; lastKnownFileType = sourcecode.swift; path = OverviewNavBar.swift; sourceTree = "<group>"; };
		368ED7B6290BD515002CA8D0 /* BaseView.swift */ = {isa = PBXFileReference; lastKnownFileType = sourcecode.swift; path = BaseView.swift; sourceTree = "<group>"; };
/* End PBXFileReference section */

/* Begin PBXFrameworksBuildPhase section */
		368ED77929097FBC002CA8D0 /* Frameworks */ = {
			isa = PBXFrameworksBuildPhase;
			buildActionMask = 2147483647;
			files = (
			);
			runOnlyForDeploymentPostprocessing = 0;
		};
/* End PBXFrameworksBuildPhase section */

/* Begin PBXGroup section */
		368ED77329097FBB002CA8D0 = {
			isa = PBXGroup;
			children = (
				368ED77E29097FBC002CA8D0 /* WorkoutApp */,
				368ED77D29097FBC002CA8D0 /* Products */,
			);
			sourceTree = "<group>";
		};
		368ED77D29097FBC002CA8D0 /* Products */ = {
			isa = PBXGroup;
			children = (
				368ED77C29097FBC002CA8D0 /* WorkoutApp.app */,
			);
			name = Products;
			sourceTree = "<group>";
		};
		368ED77E29097FBC002CA8D0 /* WorkoutApp */ = {
			isa = PBXGroup;
			children = (
				368ED799290982E1002CA8D0 /* Helpers */,
				368ED79329098014002CA8D0 /* Application */,
				368ED7A1290A4403002CA8D0 /* Controllers */,
				368ED7942909802C002CA8D0 /* SupportingFiles */,
			);
			path = WorkoutApp;
			sourceTree = "<group>";
		};
		368ED79329098014002CA8D0 /* Application */ = {
			isa = PBXGroup;
			children = (
				368ED77F29097FBC002CA8D0 /* AppDelegate.swift */,
				368ED78129097FBC002CA8D0 /* SceneDelegate.swift */,
			);
			path = Application;
			sourceTree = "<group>";
		};
		368ED7942909802C002CA8D0 /* SupportingFiles */ = {
			isa = PBXGroup;
			children = (
				368ED78829097FBD002CA8D0 /* Assets.xcassets */,
				368ED78A29097FBD002CA8D0 /* LaunchScreen.storyboard */,
				368ED78D29097FBD002CA8D0 /* Info.plist */,
			);
			path = SupportingFiles;
			sourceTree = "<group>";
		};
		368ED799290982E1002CA8D0 /* Helpers */ = {
			isa = PBXGroup;
			children = (
				368ED79C29098307002CA8D0 /* Extensions */,
				368ED79D29098377002CA8D0 /* Resources.swift */,
			);
			path = Helpers;
			sourceTree = "<group>";
		};
		368ED79C29098307002CA8D0 /* Extensions */ = {
			isa = PBXGroup;
			children = (
				368ED79A290982F8002CA8D0 /* UIColor + Ext.swift */,
				368ED7A4290A45C5002CA8D0 /* UIView + Ext.swift */,
			);
			path = Extensions;
			sourceTree = "<group>";
		};
		368ED7A1290A4403002CA8D0 /* Controllers */ = {
			isa = PBXGroup;
			children = (
				368ED7AA290A6ACA002CA8D0 /* Settings */,
				368ED7A9290A6AC4002CA8D0 /* Progress */,
				368ED7A8290A6ABE002CA8D0 /* Session */,
				368ED7A7290A6A9C002CA8D0 /* Overview */,
				368ED7A6290A6A88002CA8D0 /* Base */,
			);
			path = Controllers;
			sourceTree = "<group>";
		};
		368ED7A6290A6A88002CA8D0 /* Base */ = {
			isa = PBXGroup;
			children = (
				368ED797290981D8002CA8D0 /* TabBar.swift */,
				368ED79F290A41E5002CA8D0 /* NavBar.swift */,
				368ED7A2290A441D002CA8D0 /* BaseVC.swift */,
				368ED7B6290BD515002CA8D0 /* BaseView.swift */,
			);
			path = Base;
			sourceTree = "<group>";
		};
		368ED7A7290A6A9C002CA8D0 /* Overview */ = {
			isa = PBXGroup;
			children = (
				368ED7B1290A736D002CA8D0 /* Views */,
				368ED78329097FBC002CA8D0 /* OverviewVC.swift */,
			);
			path = Overview;
			sourceTree = "<group>";
		};
		368ED7A8290A6ABE002CA8D0 /* Session */ = {
			isa = PBXGroup;
			children = (
				368ED7AB290A6AE4002CA8D0 /* SessionVC.swift */,
			);
			path = Session;
			sourceTree = "<group>";
		};
		368ED7A9290A6AC4002CA8D0 /* Progress */ = {
			isa = PBXGroup;
			children = (
				368ED7AD290A6B08002CA8D0 /* ProgressVC.swift */,
			);
			path = Progress;
			sourceTree = "<group>";
		};
		368ED7AA290A6ACA002CA8D0 /* Settings */ = {
			isa = PBXGroup;
			children = (
				368ED7AF290A6B19002CA8D0 /* SettingsVC.swift */,
			);
			path = Settings;
			sourceTree = "<group>";
		};
		368ED7B1290A736D002CA8D0 /* Views */ = {
			isa = PBXGroup;
			children = (
				368ED7B2290A7381002CA8D0 /* SecondaryButton.swift */,
				368ED7B4290BD464002CA8D0 /* OverviewNavBar.swift */,
			);
			path = Views;
			sourceTree = "<group>";
		};
/* End PBXGroup section */

/* Begin PBXNativeTarget section */
		368ED77B29097FBC002CA8D0 /* WorkoutApp */ = {
			isa = PBXNativeTarget;
			buildConfigurationList = 368ED79029097FBD002CA8D0 /* Build configuration list for PBXNativeTarget "WorkoutApp" */;
			buildPhases = (
				368ED77829097FBC002CA8D0 /* Sources */,
				368ED77929097FBC002CA8D0 /* Frameworks */,
				368ED77A29097FBC002CA8D0 /* Resources */,
			);
			buildRules = (
			);
			dependencies = (
			);
			name = WorkoutApp;
			productName = WorkoutApp;
			productReference = 368ED77C29097FBC002CA8D0 /* WorkoutApp.app */;
			productType = "com.apple.product-type.application";
		};
/* End PBXNativeTarget section */

/* Begin PBXProject section */
		368ED77429097FBB002CA8D0 /* Project object */ = {
			isa = PBXProject;
			attributes = {
				BuildIndependentTargetsInParallel = 1;
				LastSwiftUpdateCheck = 1400;
				LastUpgradeCheck = 1400;
				TargetAttributes = {
					368ED77B29097FBC002CA8D0 = {
						CreatedOnToolsVersion = 14.0.1;
					};
				};
			};
			buildConfigurationList = 368ED77729097FBB002CA8D0 /* Build configuration list for PBXProject "WorkoutApp" */;
			compatibilityVersion = "Xcode 14.0";
			developmentRegion = en;
			hasScannedForEncodings = 0;
			knownRegions = (
				en,
				Base,
			);
			mainGroup = 368ED77329097FBB002CA8D0;
			productRefGroup = 368ED77D29097FBC002CA8D0 /* Products */;
			projectDirPath = "";
			projectRoot = "";
			targets = (
				368ED77B29097FBC002CA8D0 /* WorkoutApp */,
			);
		};
/* End PBXProject section */

/* Begin PBXResourcesBuildPhase section */
		368ED77A29097FBC002CA8D0 /* Resources */ = {
			isa = PBXResourcesBuildPhase;
			buildActionMask = 2147483647;
			files = (
				368ED78C29097FBD002CA8D0 /* LaunchScreen.storyboard in Resources */,
				368ED78929097FBD002CA8D0 /* Assets.xcassets in Resources */,
			);
			runOnlyForDeploymentPostprocessing = 0;
		};
/* End PBXResourcesBuildPhase section */

/* Begin PBXSourcesBuildPhase section */
		368ED77829097FBC002CA8D0 /* Sources */ = {
			isa = PBXSourcesBuildPhase;
			buildActionMask = 2147483647;
			files = (
				368ED78429097FBC002CA8D0 /* OverviewVC.swift in Sources */,
				368ED78029097FBC002CA8D0 /* AppDelegate.swift in Sources */,
				368ED7B5290BD464002CA8D0 /* OverviewNavBar.swift in Sources */,
				368ED7A5290A45C5002CA8D0 /* UIView + Ext.swift in Sources */,
				368ED7AC290A6AE4002CA8D0 /* SessionVC.swift in Sources */,
				368ED79B290982F8002CA8D0 /* UIColor + Ext.swift in Sources */,
				368ED7B0290A6B19002CA8D0 /* SettingsVC.swift in Sources */,
				368ED7B3290A7381002CA8D0 /* SecondaryButton.swift in Sources */,
				368ED7A3290A441D002CA8D0 /* BaseVC.swift in Sources */,
				368ED79E29098377002CA8D0 /* Resources.swift in Sources */,
				368ED7A0290A41E5002CA8D0 /* NavBar.swift in Sources */,
				368ED78229097FBC002CA8D0 /* SceneDelegate.swift in Sources */,
				368ED7B7290BD515002CA8D0 /* BaseView.swift in Sources */,
				368ED7AE290A6B08002CA8D0 /* ProgressVC.swift in Sources */,
				368ED798290981D8002CA8D0 /* TabBar.swift in Sources */,
			);
			runOnlyForDeploymentPostprocessing = 0;
		};
/* End PBXSourcesBuildPhase section */

/* Begin PBXVariantGroup section */
		368ED78A29097FBD002CA8D0 /* LaunchScreen.storyboard */ = {
			isa = PBXVariantGroup;
			children = (
				368ED78B29097FBD002CA8D0 /* Base */,
			);
			name = LaunchScreen.storyboard;
			sourceTree = "<group>";
		};
/* End PBXVariantGroup section */

/* Begin XCBuildConfiguration section */
		368ED78E29097FBD002CA8D0 /* Debug */ = {
			isa = XCBuildConfiguration;
			buildSettings = {
				ALWAYS_SEARCH_USER_PATHS = NO;
				CLANG_ANALYZER_NONNULL = YES;
				CLANG_ANALYZER_NUMBER_OBJECT_CONVERSION = YES_AGGRESSIVE;
				CLANG_CXX_LANGUAGE_STANDARD = "gnu++20";
				CLANG_ENABLE_MODULES = YES;
				CLANG_ENABLE_OBJC_ARC = YES;
				CLANG_ENABLE_OBJC_WEAK = YES;
				CLANG_WARN_BLOCK_CAPTURE_AUTORELEASING = YES;
				CLANG_WARN_BOOL_CONVERSION = YES;
				CLANG_WARN_COMMA = YES;
				CLANG_WARN_CONSTANT_CONVERSION = YES;
				CLANG_WARN_DEPRECATED_OBJC_IMPLEMENTATIONS = YES;
				CLANG_WARN_DIRECT_OBJC_ISA_USAGE = YES_ERROR;
				CLANG_WARN_DOCUMENTATION_COMMENTS = YES;
				CLANG_WARN_EMPTY_BODY = YES;
				CLANG_WARN_ENUM_CONVERSION = YES;
				CLANG_WARN_INFINITE_RECURSION = YES;
				CLANG_WARN_INT_CONVERSION = YES;
				CLANG_WARN_NON_LITERAL_NULL_CONVERSION = YES;
				CLANG_WARN_OBJC_IMPLICIT_RETAIN_SELF = YES;
				CLANG_WARN_OBJC_LITERAL_CONVERSION = YES;
				CLANG_WARN_OBJC_ROOT_CLASS = YES_ERROR;
				CLANG_WARN_QUOTED_INCLUDE_IN_FRAMEWORK_HEADER = YES;
				CLANG_WARN_RANGE_LOOP_ANALYSIS = YES;
				CLANG_WARN_STRICT_PROTOTYPES = YES;
				CLANG_WARN_SUSPICIOUS_MOVE = YES;
				CLANG_WARN_UNGUARDED_AVAILABILITY = YES_AGGRESSIVE;
				CLANG_WARN_UNREACHABLE_CODE = YES;
				CLANG_WARN__DUPLICATE_METHOD_MATCH = YES;
				COPY_PHASE_STRIP = NO;
				DEBUG_INFORMATION_FORMAT = dwarf;
				ENABLE_STRICT_OBJC_MSGSEND = YES;
				ENABLE_TESTABILITY = YES;
				GCC_C_LANGUAGE_STANDARD = gnu11;
				GCC_DYNAMIC_NO_PIC = NO;
				GCC_NO_COMMON_BLOCKS = YES;
				GCC_OPTIMIZATION_LEVEL = 0;
				GCC_PREPROCESSOR_DEFINITIONS = (
					"DEBUG=1",
					"$(inherited)",
				);
				GCC_WARN_64_TO_32_BIT_CONVERSION = YES;
				GCC_WARN_ABOUT_RETURN_TYPE = YES_ERROR;
				GCC_WARN_UNDECLARED_SELECTOR = YES;
				GCC_WARN_UNINITIALIZED_AUTOS = YES_AGGRESSIVE;
				GCC_WARN_UNUSED_FUNCTION = YES;
				GCC_WARN_UNUSED_VARIABLE = YES;
				IPHONEOS_DEPLOYMENT_TARGET = 16.0;
				MTL_ENABLE_DEBUG_INFO = INCLUDE_SOURCE;
				MTL_FAST_MATH = YES;
				ONLY_ACTIVE_ARCH = YES;
				SDKROOT = iphoneos;
				SWIFT_ACTIVE_COMPILATION_CONDITIONS = DEBUG;
				SWIFT_OPTIMIZATION_LEVEL = "-Onone";
			};
			name = Debug;
		};
		368ED78F29097FBD002CA8D0 /* Release */ = {
			isa = XCBuildConfiguration;
			buildSettings = {
				ALWAYS_SEARCH_USER_PATHS = NO;
				CLANG_ANALYZER_NONNULL = YES;
				CLANG_ANALYZER_NUMBER_OBJECT_CONVERSION = YES_AGGRESSIVE;
				CLANG_CXX_LANGUAGE_STANDARD = "gnu++20";
				CLANG_ENABLE_MODULES = YES;
				CLANG_ENABLE_OBJC_ARC = YES;
				CLANG_ENABLE_OBJC_WEAK = YES;
				CLANG_WARN_BLOCK_CAPTURE_AUTORELEASING = YES;
				CLANG_WARN_BOOL_CONVERSION = YES;
				CLANG_WARN_COMMA = YES;
				CLANG_WARN_CONSTANT_CONVERSION = YES;
				CLANG_WARN_DEPRECATED_OBJC_IMPLEMENTATIONS = YES;
				CLANG_WARN_DIRECT_OBJC_ISA_USAGE = YES_ERROR;
				CLANG_WARN_DOCUMENTATION_COMMENTS = YES;
				CLANG_WARN_EMPTY_BODY = YES;
				CLANG_WARN_ENUM_CONVERSION = YES;
				CLANG_WARN_INFINITE_RECURSION = YES;
				CLANG_WARN_INT_CONVERSION = YES;
				CLANG_WARN_NON_LITERAL_NULL_CONVERSION = YES;
				CLANG_WARN_OBJC_IMPLICIT_RETAIN_SELF = YES;
				CLANG_WARN_OBJC_LITERAL_CONVERSION = YES;
				CLANG_WARN_OBJC_ROOT_CLASS = YES_ERROR;
				CLANG_WARN_QUOTED_INCLUDE_IN_FRAMEWORK_HEADER = YES;
				CLANG_WARN_RANGE_LOOP_ANALYSIS = YES;
				CLANG_WARN_STRICT_PROTOTYPES = YES;
				CLANG_WARN_SUSPICIOUS_MOVE = YES;
				CLANG_WARN_UNGUARDED_AVAILABILITY = YES_AGGRESSIVE;
				CLANG_WARN_UNREACHABLE_CODE = YES;
				CLANG_WARN__DUPLICATE_METHOD_MATCH = YES;
				COPY_PHASE_STRIP = NO;
				DEBUG_INFORMATION_FORMAT = "dwarf-with-dsym";
				ENABLE_NS_ASSERTIONS = NO;
				ENABLE_STRICT_OBJC_MSGSEND = YES;
				GCC_C_LANGUAGE_STANDARD = gnu11;
				GCC_NO_COMMON_BLOCKS = YES;
				GCC_WARN_64_TO_32_BIT_CONVERSION = YES;
				GCC_WARN_ABOUT_RETURN_TYPE = YES_ERROR;
				GCC_WARN_UNDECLARED_SELECTOR = YES;
				GCC_WARN_UNINITIALIZED_AUTOS = YES_AGGRESSIVE;
				GCC_WARN_UNUSED_FUNCTION = YES;
				GCC_WARN_UNUSED_VARIABLE = YES;
				IPHONEOS_DEPLOYMENT_TARGET = 16.0;
				MTL_ENABLE_DEBUG_INFO = NO;
				MTL_FAST_MATH = YES;
				SDKROOT = iphoneos;
				SWIFT_COMPILATION_MODE = wholemodule;
				SWIFT_OPTIMIZATION_LEVEL = "-O";
				VALIDATE_PRODUCT = YES;
			};
			name = Release;
		};
		368ED79129097FBD002CA8D0 /* Debug */ = {
			isa = XCBuildConfiguration;
			buildSettings = {
				ASSETCATALOG_COMPILER_APPICON_NAME = AppIcon;
				ASSETCATALOG_COMPILER_GLOBAL_ACCENT_COLOR_NAME = AccentColor;
				CODE_SIGN_STYLE = Automatic;
				CURRENT_PROJECT_VERSION = 1;
				DEVELOPMENT_TEAM = 53KF8NNQU6;
				GENERATE_INFOPLIST_FILE = YES;
				INFOPLIST_FILE = WorkoutApp/SupportingFiles/Info.plist;
				INFOPLIST_KEY_UIApplicationSupportsIndirectInputEvents = YES;
				INFOPLIST_KEY_UILaunchStoryboardName = LaunchScreen;
				INFOPLIST_KEY_UISupportedInterfaceOrientations = UIInterfaceOrientationPortrait;
				INFOPLIST_KEY_UISupportedInterfaceOrientations_iPad = "UIInterfaceOrientationLandscapeLeft UIInterfaceOrientationLandscapeRight UIInterfaceOrientationPortrait UIInterfaceOrientationPortraitUpsideDown";
				LD_RUNPATH_SEARCH_PATHS = (
					"$(inherited)",
					"@executable_path/Frameworks",
				);
				MARKETING_VERSION = 1.0;
				PRODUCT_BUNDLE_IDENTIFIER = AY.WorkoutApp;
				PRODUCT_NAME = "$(TARGET_NAME)";
				SUPPORTED_PLATFORMS = "iphoneos iphonesimulator";
				SUPPORTS_MACCATALYST = NO;
				SUPPORTS_MAC_DESIGNED_FOR_IPHONE_IPAD = NO;
				SWIFT_EMIT_LOC_STRINGS = YES;
				SWIFT_VERSION = 5.0;
				TARGETED_DEVICE_FAMILY = 1;
			};
			name = Debug;
		};
		368ED79229097FBD002CA8D0 /* Release */ = {
			isa = XCBuildConfiguration;
			buildSettings = {
				ASSETCATALOG_COMPILER_APPICON_NAME = AppIcon;
				ASSETCATALOG_COMPILER_GLOBAL_ACCENT_COLOR_NAME = AccentColor;
				CODE_SIGN_STYLE = Automatic;
				CURRENT_PROJECT_VERSION = 1;
				DEVELOPMENT_TEAM = 53KF8NNQU6;
				GENERATE_INFOPLIST_FILE = YES;
				INFOPLIST_FILE = WorkoutApp/SupportingFiles/Info.plist;
				INFOPLIST_KEY_UIApplicationSupportsIndirectInputEvents = YES;
				INFOPLIST_KEY_UILaunchStoryboardName = LaunchScreen;
				INFOPLIST_KEY_UISupportedInterfaceOrientations = UIInterfaceOrientationPortrait;
				INFOPLIST_KEY_UISupportedInterfaceOrientations_iPad = "UIInterfaceOrientationLandscapeLeft UIInterfaceOrientationLandscapeRight UIInterfaceOrientationPortrait UIInterfaceOrientationPortraitUpsideDown";
				LD_RUNPATH_SEARCH_PATHS = (
					"$(inherited)",
					"@executable_path/Frameworks",
				);
				MARKETING_VERSION = 1.0;
				PRODUCT_BUNDLE_IDENTIFIER = AY.WorkoutApp;
				PRODUCT_NAME = "$(TARGET_NAME)";
				SUPPORTED_PLATFORMS = "iphoneos iphonesimulator";
				SUPPORTS_MACCATALYST = NO;
				SUPPORTS_MAC_DESIGNED_FOR_IPHONE_IPAD = NO;
				SWIFT_EMIT_LOC_STRINGS = YES;
				SWIFT_VERSION = 5.0;
				TARGETED_DEVICE_FAMILY = 1;
			};
			name = Release;
		};
/* End XCBuildConfiguration section */

/* Begin XCConfigurationList section */
		368ED77729097FBB002CA8D0 /* Build configuration list for PBXProject "WorkoutApp" */ = {
			isa = XCConfigurationList;
			buildConfigurations = (
				368ED78E29097FBD002CA8D0 /* Debug */,
				368ED78F29097FBD002CA8D0 /* Release */,
			);
			defaultConfigurationIsVisible = 0;
			defaultConfigurationName = Release;
		};
		368ED79029097FBD002CA8D0 /* Build configuration list for PBXNativeTarget "WorkoutApp" */ = {
			isa = XCConfigurationList;
			buildConfigurations = (
				368ED79129097FBD002CA8D0 /* Debug */,
				368ED79229097FBD002CA8D0 /* Release */,
			);
			defaultConfigurationIsVisible = 0;
			defaultConfigurationName = Release;
		};
/* End XCConfigurationList section */
	};
	rootObject = 368ED77429097FBB002CA8D0 /* Project object */;
}
